
Microsoft Visual Studio Solution File, Format Version 12.00
# Visual Studio Version 16
VisualStudioVersion = 16.0.810.0
MinimumVisualStudioVersion = 10.0.40219.1
Project("{FAE04EC0-301F-11D3-BF4B-00C04F79EFBC}") = "Assignment_2", "Assignment_2\Assignment_2.csproj", "{F2AF564E-F64B-47E7-A8D3-8F5DBAE481B7}"
EndProject
Global
	GlobalSection(SolutionConfigurationPlatforms) = preSolution
		Debug|Any CPU = Debug|Any CPU
		Release|Any CPU = Release|Any CPU
	EndGlobalSection
	GlobalSection(ProjectConfigurationPlatforms) = postSolution
		{F2AF564E-F64B-47E7-A8D3-8F5DBAE481B7}.Debug|Any CPU.ActiveCfg = Debug|Any CPU
		{F2AF564E-F64B-47E7-A8D3-8F5DBAE481B7}.Debug|Any CPU.Build.0 = Debug|Any CPU
		{F2AF564E-F64B-47E7-A8D3-8F5DBAE481B7}.Release|Any CPU.ActiveCfg = Release|Any CPU
		{F2AF564E-F64B-47E7-A8D3-8F5DBAE481B7}.Release|Any CPU.Build.0 = Release|Any CPU
	EndGlobalSection
	GlobalSection(SolutionProperties) = preSolution
		HideSolutionNode = FALSE
	EndGlobalSection
	GlobalSection(ExtensibilityGlobals) = postSolution
		SolutionGuid = {BB8C89C6-A6F2-4BD2-89CE-8E3F12628310}
	EndGlobalSection
EndGlobal
